{
  "name": "shared",
  "lockfileVersion": 2,
  "requires": true,
  "packages": {
    "": {
      "dependencies": {
        "fflate": "^0.7.3"
      }
    },
    "node_modules/fflate": {
      "version": "0.7.3",
      "resolved": "https://registry.npmjs.org/fflate/-/fflate-0.7.3.tgz",
      "integrity": "sha512-0Zz1jOzJWERhyhsimS54VTqOteCNwRtIlh8isdL0AXLo0g7xNTfTL7oWrkmCnPhZGocKIkWHBistBrrpoNH3aw=="
    }
  },
  "dependencies": {
    "fflate": {
      "version": "0.7.3",
      "resolved": "https://registry.npmjs.org/fflate/-/fflate-0.7.3.tgz",
      "integrity": "sha512-0Zz1jOzJWERhyhsimS54VTqOteCNwRtIlh8isdL0AXLo0g7xNTfTL7oWrkmCnPhZGocKIkWHBistBrrpoNH3aw=="
    }
  }
}
